
Microsoft Visual Studio Solution File, Format Version 12.00
# Visual Studio Version 16
VisualStudioVersion = 16.0.29009.5
MinimumVisualStudioVersion = 10.0.40219.1
Project("{FAE04EC0-301F-11D3-BF4B-00C04F79EFBC}") = "Webmp4", "Webmp4\Webmp4.csproj", "{F683DB32-1463-4616-B19F-BEA4774EC9CA}"
EndProject
Global
	GlobalSection(SolutionConfigurationPlatforms) = preSolution
		Debug|Any CPU = Debug|Any CPU
		Release|Any CPU = Release|Any CPU
	EndGlobalSection
	GlobalSection(ProjectConfigurationPlatforms) = postSolution
		{F683DB32-1463-4616-B19F-BEA4774EC9CA}.Debug|Any CPU.ActiveCfg = Debug|Any CPU
		{F683DB32-1463-4616-B19F-BEA4774EC9CA}.Debug|Any CPU.Build.0 = Debug|Any CPU
		{F683DB32-1463-4616-B19F-BEA4774EC9CA}.Release|Any CPU.ActiveCfg = Release|Any CPU
		{F683DB32-1463-4616-B19F-BEA4774EC9CA}.Release|Any CPU.Build.0 = Release|Any CPU
	EndGlobalSection
	GlobalSection(SolutionProperties) = preSolution
		HideSolutionNode = FALSE
	EndGlobalSection
	GlobalSection(ExtensibilityGlobals) = postSolution
		SolutionGuid = {AB31D6CD-8C31-4AEC-AC47-41DB6E5F4CAE}
	EndGlobalSection
EndGlobal
